// !$*UTF8*$!
{
	archiveVersion = 1;
	classes = {
	};
	objectVersion = 46;
	objects = {

/* Begin PBXBuildFile section */
		C78FD61616343C2F005F0A00 /* LD110Analyzer.cpp in Sources */ = {isa = PBXBuildFile; fileRef = C78FD60E16343C2F005F0A00 /* LD110Analyzer.cpp */; };
		C78FD61716343C2F005F0A00 /* LD110Analyzer.h in Headers */ = {isa = PBXBuildFile; fileRef = C78FD60F16343C2F005F0A00 /* LD110Analyzer.h */; };
		C78FD61816343C2F005F0A00 /* LD110AnalyzerResults.cpp in Sources */ = {isa = PBXBuildFile; fileRef = C78FD61016343C2F005F0A00 /* LD110AnalyzerResults.cpp */; };
		C78FD61916343C2F005F0A00 /* LD110AnalyzerResults.h in Headers */ = {isa = PBXBuildFile; fileRef = C78FD61116343C2F005F0A00 /* LD110AnalyzerResults.h */; };
		C78FD61A16343C2F005F0A00 /* LD110AnalyzerSettings.cpp in Sources */ = {isa = PBXBuildFile; fileRef = C78FD61216343C2F005F0A00 /* LD110AnalyzerSettings.cpp */; };
		C78FD61B16343C2F005F0A00 /* LD110AnalyzerSettings.h in Headers */ = {isa = PBXBuildFile; fileRef = C78FD61316343C2F005F0A00 /* LD110AnalyzerSettings.h */; };
		C78FD61C16343C2F005F0A00 /* LD110SimulationDataGenerator.cpp in Sources */ = {isa = PBXBuildFile; fileRef = C78FD61416343C2F005F0A00 /* LD110SimulationDataGenerator.cpp */; };
		C78FD61D16343C2F005F0A00 /* LD110SimulationDataGenerator.h in Headers */ = {isa = PBXBuildFile; fileRef = C78FD61516343C2F005F0A00 /* LD110SimulationDataGenerator.h */; };
		C78FD61F16343D0A005F0A00 /* libAnalyzer.dylib in Frameworks */ = {isa = PBXBuildFile; fileRef = C78FD61E16343D0A005F0A00 /* libAnalyzer.dylib */; };
		C7B07C261700C26B00ED7E63 /* Analyzer.h in Headers */ = {isa = PBXBuildFile; fileRef = C7B07C1D1700C26B00ED7E63 /* Analyzer.h */; };
		C7B07C271700C26B00ED7E63 /* AnalyzerChannelData.h in Headers */ = {isa = PBXBuildFile; fileRef = C7B07C1E1700C26B00ED7E63 /* AnalyzerChannelData.h */; };
		C7B07C281700C26B00ED7E63 /* AnalyzerHelpers.h in Headers */ = {isa = PBXBuildFile; fileRef = C7B07C1F1700C26B00ED7E63 /* AnalyzerHelpers.h */; };
		C7B07C291700C26B00ED7E63 /* AnalyzerResults.h in Headers */ = {isa = PBXBuildFile; fileRef = C7B07C201700C26B00ED7E63 /* AnalyzerResults.h */; };
		C7B07C2A1700C26B00ED7E63 /* AnalyzerSettingInterface.h in Headers */ = {isa = PBXBuildFile; fileRef = C7B07C211700C26B00ED7E63 /* AnalyzerSettingInterface.h */; };
		C7B07C2B1700C26B00ED7E63 /* AnalyzerSettings.h in Headers */ = {isa = PBXBuildFile; fileRef = C7B07C221700C26B00ED7E63 /* AnalyzerSettings.h */; };
		C7B07C2C1700C26B00ED7E63 /* AnalyzerTypes.h in Headers */ = {isa = PBXBuildFile; fileRef = C7B07C231700C26B00ED7E63 /* AnalyzerTypes.h */; };
		C7B07C2D1700C26B00ED7E63 /* LogicPublicTypes.h in Headers */ = {isa = PBXBuildFile; fileRef = C7B07C241700C26B00ED7E63 /* LogicPublicTypes.h */; };
		C7B07C2E1700C26B00ED7E63 /* SimulationChannelDescriptor.h in Headers */ = {isa = PBXBuildFile; fileRef = C7B07C251700C26B00ED7E63 /* SimulationChannelDescriptor.h */; };
/* End PBXBuildFile section */

/* Begin PBXFileReference section */
		C78FD60816343C14005F0A00 /* libLD110.dylib */ = {isa = PBXFileReference; explicitFileType = "compiled.mach-o.dylib"; includeInIndex = 0; path = libLD110.dylib; sourceTree = BUILT_PRODUCTS_DIR; };
		C78FD60E16343C2F005F0A00 /* LD110Analyzer.cpp */ = {isa = PBXFileReference; fileEncoding = 4; lastKnownFileType = sourcecode.cpp.cpp; path = LD110Analyzer.cpp; sourceTree = "<group>"; };
		C78FD60F16343C2F005F0A00 /* LD110Analyzer.h */ = {isa = PBXFileReference; fileEncoding = 4; lastKnownFileType = sourcecode.c.h; path = LD110Analyzer.h; sourceTree = "<group>"; };
		C78FD61016343C2F005F0A00 /* LD110AnalyzerResults.cpp */ = {isa = PBXFileReference; fileEncoding = 4; lastKnownFileType = sourcecode.cpp.cpp; path = LD110AnalyzerResults.cpp; sourceTree = "<group>"; };
		C78FD61116343C2F005F0A00 /* LD110AnalyzerResults.h */ = {isa = PBXFileReference; fileEncoding = 4; lastKnownFileType = sourcecode.c.h; path = LD110AnalyzerResults.h; sourceTree = "<group>"; };
		C78FD61216343C2F005F0A00 /* LD110AnalyzerSettings.cpp */ = {isa = PBXFileReference; fileEncoding = 4; lastKnownFileType = sourcecode.cpp.cpp; path = LD110AnalyzerSettings.cpp; sourceTree = "<group>"; };
		C78FD61316343C2F005F0A00 /* LD110AnalyzerSettings.h */ = {isa = PBXFileReference; fileEncoding = 4; lastKnownFileType = sourcecode.c.h; path = LD110AnalyzerSettings.h; sourceTree = "<group>"; };
		C78FD61416343C2F005F0A00 /* LD110SimulationDataGenerator.cpp */ = {isa = PBXFileReference; fileEncoding = 4; lastKnownFileType = sourcecode.cpp.cpp; path = LD110SimulationDataGenerator.cpp; sourceTree = "<group>"; };
		C78FD61516343C2F005F0A00 /* LD110SimulationDataGenerator.h */ = {isa = PBXFileReference; fileEncoding = 4; lastKnownFileType = sourcecode.c.h; path = LD110SimulationDataGenerator.h; sourceTree = "<group>"; };
		C78FD61E16343D0A005F0A00 /* libAnalyzer.dylib */ = {isa = PBXFileReference; lastKnownFileType = "compiled.mach-o.dylib"; name = libAnalyzer.dylib; path = "../Logic/Analyzer SDK/lib/libAnalyzer.dylib"; sourceTree = "<group>"; };
		C7B07C1D1700C26B00ED7E63 /* Analyzer.h */ = {isa = PBXFileReference; fileEncoding = 4; lastKnownFileType = sourcecode.c.h; path = Analyzer.h; sourceTree = "<group>"; };
		C7B07C1E1700C26B00ED7E63 /* AnalyzerChannelData.h */ = {isa = PBXFileReference; fileEncoding = 4; lastKnownFileType = sourcecode.c.h; path = AnalyzerChannelData.h; sourceTree = "<group>"; };
		C7B07C1F1700C26B00ED7E63 /* AnalyzerHelpers.h */ = {isa = PBXFileReference; fileEncoding = 4; lastKnownFileType = sourcecode.c.h; path = AnalyzerHelpers.h; sourceTree = "<group>"; };
		C7B07C201700C26B00ED7E63 /* AnalyzerResults.h */ = {isa = PBXFileReference; fileEncoding = 4; lastKnownFileType = sourcecode.c.h; path = AnalyzerResults.h; sourceTree = "<group>"; };
		C7B07C211700C26B00ED7E63 /* AnalyzerSettingInterface.h */ = {isa = PBXFileReference; fileEncoding = 4; lastKnownFileType = sourcecode.c.h; path = AnalyzerSettingInterface.h; sourceTree = "<group>"; };
		C7B07C221700C26B00ED7E63 /* AnalyzerSettings.h */ = {isa = PBXFileReference; fileEncoding = 4; lastKnownFileType = sourcecode.c.h; path = AnalyzerSettings.h; sourceTree = "<group>"; };
		C7B07C231700C26B00ED7E63 /* AnalyzerTypes.h */ = {isa = PBXFileReference; fileEncoding = 4; lastKnownFileType = sourcecode.c.h; path = AnalyzerTypes.h; sourceTree = "<group>"; };
		C7B07C241700C26B00ED7E63 /* LogicPublicTypes.h */ = {isa = PBXFileReference; fileEncoding = 4; lastKnownFileType = sourcecode.c.h; path = LogicPublicTypes.h; sourceTree = "<group>"; };
		C7B07C251700C26B00ED7E63 /* SimulationChannelDescriptor.h */ = {isa = PBXFileReference; fileEncoding = 4; lastKnownFileType = sourcecode.c.h; path = SimulationChannelDescriptor.h; sourceTree = "<group>"; };
/* End PBXFileReference section */

/* Begin PBXFrameworksBuildPhase section */
		C78FD60516343C14005F0A00 /* Frameworks */ = {
			isa = PBXFrameworksBuildPhase;
			buildActionMask = 2147483647;
			files = (
				C78FD61F16343D0A005F0A00 /* libAnalyzer.dylib in Frameworks */,
			);
			runOnlyForDeploymentPostprocessing = 0;
		};
/* End PBXFrameworksBuildPhase section */

/* Begin PBXGroup section */
		C76A97741634805E006FE685 /* Source */ = {
			isa = PBXGroup;
			children = (
				C78FD60E16343C2F005F0A00 /* LD110Analyzer.cpp */,
				C78FD61016343C2F005F0A00 /* LD110AnalyzerResults.cpp */,
				C78FD61216343C2F005F0A00 /* LD110AnalyzerSettings.cpp */,
				C78FD61416343C2F005F0A00 /* LD110SimulationDataGenerator.cpp */,
			);
			name = Source;
			path = src;
			sourceTree = "<group>";
		};
		C76A977616348081006FE685 /* Include */ = {
			isa = PBXGroup;
			children = (
				C7B07C1D1700C26B00ED7E63 /* Analyzer.h */,
				C7B07C1E1700C26B00ED7E63 /* AnalyzerChannelData.h */,
				C7B07C1F1700C26B00ED7E63 /* AnalyzerHelpers.h */,
				C7B07C201700C26B00ED7E63 /* AnalyzerResults.h */,
				C7B07C211700C26B00ED7E63 /* AnalyzerSettingInterface.h */,
				C7B07C221700C26B00ED7E63 /* AnalyzerSettings.h */,
				C7B07C231700C26B00ED7E63 /* AnalyzerTypes.h */,
				C7B07C241700C26B00ED7E63 /* LogicPublicTypes.h */,
				C7B07C251700C26B00ED7E63 /* SimulationChannelDescriptor.h */,
				C78FD60F16343C2F005F0A00 /* LD110Analyzer.h */,
				C78FD61116343C2F005F0A00 /* LD110AnalyzerResults.h */,
				C78FD61316343C2F005F0A00 /* LD110AnalyzerSettings.h */,
				C78FD61516343C2F005F0A00 /* LD110SimulationDataGenerator.h */,
			);
			name = Include;
			path = include;
			sourceTree = "<group>";
		};
		C76A977716348094006FE685 /* Library */ = {
			isa = PBXGroup;
			children = (
				C78FD61E16343D0A005F0A00 /* libAnalyzer.dylib */,
			);
			name = Library;
			sourceTree = "<group>";
		};
		C78FD5F816343A96005F0A00 = {
			isa = PBXGroup;
			children = (
				C76A97741634805E006FE685 /* Source */,
				C76A977616348081006FE685 /* Include */,
				C76A977716348094006FE685 /* Library */,
				C78FD60916343C14005F0A00 /* Products */,
			);
			sourceTree = "<group>";
		};
		C78FD60916343C14005F0A00 /* Products */ = {
			isa = PBXGroup;
			children = (
				C78FD60816343C14005F0A00 /* libLD110.dylib */,
			);
			name = Products;
			sourceTree = "<group>";
		};
/* End PBXGroup section */

/* Begin PBXHeadersBuildPhase section */
		C78FD60616343C14005F0A00 /* Headers */ = {
			isa = PBXHeadersBuildPhase;
			buildActionMask = 2147483647;
			files = (
				C78FD61716343C2F005F0A00 /* LD110Analyzer.h in Headers */,
				C78FD61916343C2F005F0A00 /* LD110AnalyzerResults.h in Headers */,
				C78FD61B16343C2F005F0A00 /* LD110AnalyzerSettings.h in Headers */,
				C78FD61D16343C2F005F0A00 /* LD110SimulationDataGenerator.h in Headers */,
				C7B07C261700C26B00ED7E63 /* Analyzer.h in Headers */,
				C7B07C271700C26B00ED7E63 /* AnalyzerChannelData.h in Headers */,
				C7B07C281700C26B00ED7E63 /* AnalyzerHelpers.h in Headers */,
				C7B07C291700C26B00ED7E63 /* AnalyzerResults.h in Headers */,
				C7B07C2A1700C26B00ED7E63 /* AnalyzerSettingInterface.h in Headers */,
				C7B07C2B1700C26B00ED7E63 /* AnalyzerSettings.h in Headers */,
				C7B07C2C1700C26B00ED7E63 /* AnalyzerTypes.h in Headers */,
				C7B07C2D1700C26B00ED7E63 /* LogicPublicTypes.h in Headers */,
				C7B07C2E1700C26B00ED7E63 /* SimulationChannelDescriptor.h in Headers */,
			);
			runOnlyForDeploymentPostprocessing = 0;
		};
/* End PBXHeadersBuildPhase section */

/* Begin PBXNativeTarget section */
		C78FD60716343C14005F0A00 /* LD110 */ = {
			isa = PBXNativeTarget;
			buildConfigurationList = C78FD60C16343C14005F0A00 /* Build configuration list for PBXNativeTarget "LD110" */;
			buildPhases = (
				C78FD60416343C14005F0A00 /* Sources */,
				C78FD60516343C14005F0A00 /* Frameworks */,
				C78FD60616343C14005F0A00 /* Headers */,
			);
			buildRules = (
			);
			dependencies = (
			);
			name = LD110;
			productName = LD110Analyzer;
			productReference = C78FD60816343C14005F0A00 /* libLD110.dylib */;
			productType = "com.apple.product-type.library.dynamic";
		};
/* End PBXNativeTarget section */

/* Begin PBXProject section */
		C78FD5FA16343A96005F0A00 /* Project object */ = {
			isa = PBXProject;
			attributes = {
				LastUpgradeCheck = 0460;
			};
			buildConfigurationList = C78FD5FD16343A96005F0A00 /* Build configuration list for PBXProject "LD110" */;
			compatibilityVersion = "Xcode 3.2";
			developmentRegion = English;
			hasScannedForEncodings = 0;
			knownRegions = (
				en,
			);
			mainGroup = C78FD5F816343A96005F0A00;
			productRefGroup = C78FD60916343C14005F0A00 /* Products */;
			projectDirPath = "";
			projectRoot = "";
			targets = (
				C78FD60716343C14005F0A00 /* LD110 */,
			);
		};
/* End PBXProject section */

/* Begin PBXSourcesBuildPhase section */
		C78FD60416343C14005F0A00 /* Sources */ = {
			isa = PBXSourcesBuildPhase;
			buildActionMask = 2147483647;
			files = (
				C78FD61616343C2F005F0A00 /* LD110Analyzer.cpp in Sources */,
				C78FD61816343C2F005F0A00 /* LD110AnalyzerResults.cpp in Sources */,
				C78FD61A16343C2F005F0A00 /* LD110AnalyzerSettings.cpp in Sources */,
				C78FD61C16343C2F005F0A00 /* LD110SimulationDataGenerator.cpp in Sources */,
			);
			runOnlyForDeploymentPostprocessing = 0;
		};
/* End PBXSourcesBuildPhase section */

/* Begin XCBuildConfiguration section */
		C78FD5FF16343A96005F0A00 /* Debug */ = {
			isa = XCBuildConfiguration;
			buildSettings = {
				HEADER_SEARCH_PATHS = ../include;
				LIBRARY_SEARCH_PATHS = (
					"../Logic/Analyzer\\ SDK/lib",
				);
			};
			name = Debug;
		};
		C78FD60016343A96005F0A00 /* Release */ = {
			isa = XCBuildConfiguration;
			buildSettings = {
				HEADER_SEARCH_PATHS = ../include;
				LIBRARY_SEARCH_PATHS = (
					"../Logic/Analyzer\\ SDK/lib",
				);
			};
			name = Release;
		};
		C78FD60A16343C14005F0A00 /* Debug */ = {
			isa = XCBuildConfiguration;
			buildSettings = {
				ALWAYS_SEARCH_USER_PATHS = NO;
				ARCHS = "$(ARCHS_STANDARD_32_BIT)";
				CLANG_CXX_LANGUAGE_STANDARD = "gnu++0x";
				CLANG_CXX_LIBRARY = "libc++";
				CLANG_WARN_EMPTY_BODY = YES;
				CLANG_WARN__DUPLICATE_METHOD_MATCH = YES;
				COMBINE_HIDPI_IMAGES = YES;
				COPY_PHASE_STRIP = NO;
				EXECUTABLE_PREFIX = lib;
				GCC_C_LANGUAGE_STANDARD = gnu99;
				GCC_DYNAMIC_NO_PIC = NO;
				GCC_ENABLE_OBJC_EXCEPTIONS = YES;
				GCC_OPTIMIZATION_LEVEL = 0;
				GCC_PREPROCESSOR_DEFINITIONS = (
					"DEBUG=1",
					"$(inherited)",
				);
				GCC_SYMBOLS_PRIVATE_EXTERN = NO;
				GCC_WARN_64_TO_32_BIT_CONVERSION = YES;
				GCC_WARN_ABOUT_RETURN_TYPE = YES;
				GCC_WARN_UNINITIALIZED_AUTOS = YES;
				GCC_WARN_UNUSED_VARIABLE = YES;
				HEADER_SEARCH_PATHS = include;
				LIBRARY_SEARCH_PATHS = "$(inherited)";
				MACOSX_DEPLOYMENT_TARGET = 10.8;
				ONLY_ACTIVE_ARCH = YES;
				PRODUCT_NAME = LD110;
				SDKROOT = macosx;
			};
			name = Debug;
		};
		C78FD60B16343C14005F0A00 /* Release */ = {
			isa = XCBuildConfiguration;
			buildSettings = {
				ALWAYS_SEARCH_USER_PATHS = NO;
				ARCHS = "$(ARCHS_STANDARD_32_BIT)";
				CLANG_CXX_LANGUAGE_STANDARD = "gnu++0x";
				CLANG_CXX_LIBRARY = "libc++";
				CLANG_WARN_EMPTY_BODY = YES;
				CLANG_WARN__DUPLICATE_METHOD_MATCH = YES;
				COMBINE_HIDPI_IMAGES = YES;
				COPY_PHASE_STRIP = YES;
				DEBUG_INFORMATION_FORMAT = "dwarf-with-dsym";
				EXECUTABLE_PREFIX = lib;
				GCC_C_LANGUAGE_STANDARD = gnu99;
				GCC_ENABLE_OBJC_EXCEPTIONS = YES;
				GCC_WARN_64_TO_32_BIT_CONVERSION = YES;
				GCC_WARN_ABOUT_RETURN_TYPE = YES;
				GCC_WARN_UNINITIALIZED_AUTOS = YES;
				GCC_WARN_UNUSED_VARIABLE = YES;
				HEADER_SEARCH_PATHS = include;
				LIBRARY_SEARCH_PATHS = "$(inherited)";
				MACOSX_DEPLOYMENT_TARGET = 10.8;
				PRODUCT_NAME = LD110;
				SDKROOT = macosx;
			};
			name = Release;
		};
/* End XCBuildConfiguration section */

/* Begin XCConfigurationList section */
		C78FD5FD16343A96005F0A00 /* Build configuration list for PBXProject "LD110" */ = {
			isa = XCConfigurationList;
			buildConfigurations = (
				C78FD5FF16343A96005F0A00 /* Debug */,
				C78FD60016343A96005F0A00 /* Release */,
			);
			defaultConfigurationIsVisible = 0;
			defaultConfigurationName = Release;
		};
		C78FD60C16343C14005F0A00 /* Build configuration list for PBXNativeTarget "LD110" */ = {
			isa = XCConfigurationList;
			buildConfigurations = (
				C78FD60A16343C14005F0A00 /* Debug */,
				C78FD60B16343C14005F0A00 /* Release */,
			);
			defaultConfigurationIsVisible = 0;
			defaultConfigurationName = Release;
		};
/* End XCConfigurationList section */
	};
	rootObject = C78FD5FA16343A96005F0A00 /* Project object */;
}
